
Microsoft Visual Studio Solution File, Format Version 12.00
# Visual Studio Version 17
VisualStudioVersion = 17.2.32630.192
MinimumVisualStudioVersion = 10.0.40219.1
Project("{FAE04EC0-301F-11D3-BF4B-00C04F79EFBC}") = "MrktUsuario.Api", "MrktUsuario.Api\MrktUsuario.Api.csproj", "{E9EBB59E-60BA-4BA8-B758-D31909D1174F}"
EndProject
Project("{FAE04EC0-301F-11D3-BF4B-00C04F79EFBC}") = "MrktUsuario.Application", "MrktUsuario.Application\MrktUsuario.Application.csproj", "{334C6123-6D9E-4193-BFD4-4F77451C7469}"
EndProject
Project("{FAE04EC0-301F-11D3-BF4B-00C04F79EFBC}") = "MrktUsuario.Domain", "MrktUsuario.Domain\MrktUsuario.Domain.csproj", "{AFF8E96C-B392-4176-AFE3-8CB8D80AF688}"
EndProject
Project("{FAE04EC0-301F-11D3-BF4B-00C04F79EFBC}") = "MrktUsuario.Repository", "MrktUsuario.Repository\MrktUsuario.Repository.csproj", "{59BA201B-C6B7-412C-8845-F6B9A5F1B394}"
EndProject
Project("{FAE04EC0-301F-11D3-BF4B-00C04F79EFBC}") = "MrktUsuario.CrossCutting", "MrktUsuario.CrossCutting\MrktUsuario.CrossCutting.csproj", "{7E6C6537-2B35-4E4B-897C-8A6CE86ED7A4}"
EndProject
Global
	GlobalSection(SolutionConfigurationPlatforms) = preSolution
		Debug|Any CPU = Debug|Any CPU
		Release|Any CPU = Release|Any CPU
	EndGlobalSection
	GlobalSection(ProjectConfigurationPlatforms) = postSolution
		{E9EBB59E-60BA-4BA8-B758-D31909D1174F}.Debug|Any CPU.ActiveCfg = Debug|Any CPU
		{E9EBB59E-60BA-4BA8-B758-D31909D1174F}.Debug|Any CPU.Build.0 = Debug|Any CPU
		{E9EBB59E-60BA-4BA8-B758-D31909D1174F}.Release|Any CPU.ActiveCfg = Release|Any CPU
		{E9EBB59E-60BA-4BA8-B758-D31909D1174F}.Release|Any CPU.Build.0 = Release|Any CPU
		{334C6123-6D9E-4193-BFD4-4F77451C7469}.Debug|Any CPU.ActiveCfg = Debug|Any CPU
		{334C6123-6D9E-4193-BFD4-4F77451C7469}.Debug|Any CPU.Build.0 = Debug|Any CPU
		{334C6123-6D9E-4193-BFD4-4F77451C7469}.Release|Any CPU.ActiveCfg = Release|Any CPU
		{334C6123-6D9E-4193-BFD4-4F77451C7469}.Release|Any CPU.Build.0 = Release|Any CPU
		{AFF8E96C-B392-4176-AFE3-8CB8D80AF688}.Debug|Any CPU.ActiveCfg = Debug|Any CPU
		{AFF8E96C-B392-4176-AFE3-8CB8D80AF688}.Debug|Any CPU.Build.0 = Debug|Any CPU
		{AFF8E96C-B392-4176-AFE3-8CB8D80AF688}.Release|Any CPU.ActiveCfg = Release|Any CPU
		{AFF8E96C-B392-4176-AFE3-8CB8D80AF688}.Release|Any CPU.Build.0 = Release|Any CPU
		{59BA201B-C6B7-412C-8845-F6B9A5F1B394}.Debug|Any CPU.ActiveCfg = Debug|Any CPU
		{59BA201B-C6B7-412C-8845-F6B9A5F1B394}.Debug|Any CPU.Build.0 = Debug|Any CPU
		{59BA201B-C6B7-412C-8845-F6B9A5F1B394}.Release|Any CPU.ActiveCfg = Release|Any CPU
		{59BA201B-C6B7-412C-8845-F6B9A5F1B394}.Release|Any CPU.Build.0 = Release|Any CPU
		{7E6C6537-2B35-4E4B-897C-8A6CE86ED7A4}.Debug|Any CPU.ActiveCfg = Debug|Any CPU
		{7E6C6537-2B35-4E4B-897C-8A6CE86ED7A4}.Debug|Any CPU.Build.0 = Debug|Any CPU
		{7E6C6537-2B35-4E4B-897C-8A6CE86ED7A4}.Release|Any CPU.ActiveCfg = Release|Any CPU
		{7E6C6537-2B35-4E4B-897C-8A6CE86ED7A4}.Release|Any CPU.Build.0 = Release|Any CPU
	EndGlobalSection
	GlobalSection(SolutionProperties) = preSolution
		HideSolutionNode = FALSE
	EndGlobalSection
	GlobalSection(ExtensibilityGlobals) = postSolution
		SolutionGuid = {A9256D57-61C7-4A03-86DD-815CA7316A37}
	EndGlobalSection
EndGlobal
